
Microsoft Visual Studio Solution File, Format Version 12.00
# Visual Studio Version 16
VisualStudioVersion = 16.0.32002.261
MinimumVisualStudioVersion = 10.0.40219.1
Project("{FAE04EC0-301F-11D3-BF4B-00C04F79EFBC}") = "MusicList", "MusicList.csproj", "{EE8E65A1-B381-426E-B8F8-782B5868A56E}"
EndProject
Global
	GlobalSection(SolutionConfigurationPlatforms) = preSolution
		Debug|Any CPU = Debug|Any CPU
		Release|Any CPU = Release|Any CPU
	EndGlobalSection
	GlobalSection(ProjectConfigurationPlatforms) = postSolution
		{EE8E65A1-B381-426E-B8F8-782B5868A56E}.Debug|Any CPU.ActiveCfg = Debug|Any CPU
		{EE8E65A1-B381-426E-B8F8-782B5868A56E}.Debug|Any CPU.Build.0 = Debug|Any CPU
		{EE8E65A1-B381-426E-B8F8-782B5868A56E}.Release|Any CPU.ActiveCfg = Release|Any CPU
		{EE8E65A1-B381-426E-B8F8-782B5868A56E}.Release|Any CPU.Build.0 = Release|Any CPU
	EndGlobalSection
	GlobalSection(SolutionProperties) = preSolution
		HideSolutionNode = FALSE
	EndGlobalSection
	GlobalSection(ExtensibilityGlobals) = postSolution
		SolutionGuid = {ED234552-171F-4F43-AA4C-A5504D3AE6F3}
	EndGlobalSection
EndGlobal
